// !$*UTF8*$!
{
	archiveVersion = 1;
	classes = {
	};
	objectVersion = 56;
	objects = {

/* Begin PBXBuildFile section */
		005BA190B2B742B336E14D8C /* Pods_CompensationTodo.framework in Frameworks */ = {isa = PBXBuildFile; fileRef = 985C3404B978DBE70C29811F /* Pods_CompensationTodo.framework */; };
		B93587D129E7A4FB006FF502 /* CouponAddView.swift in Sources */ = {isa = PBXBuildFile; fileRef = B93587D029E7A4FB006FF502 /* CouponAddView.swift */; };
		B93587D329E7A745006FF502 /* CouponAddViewModel.swift in Sources */ = {isa = PBXBuildFile; fileRef = B93587D229E7A745006FF502 /* CouponAddViewModel.swift */; };
		B93587D529E7A7FF006FF502 /* CouponAddModel.swift in Sources */ = {isa = PBXBuildFile; fileRef = B93587D429E7A7FF006FF502 /* CouponAddModel.swift */; };
		B93587D829E7B5E1006FF502 /* RxCocoa in Frameworks */ = {isa = PBXBuildFile; productRef = B93587D729E7B5E1006FF502 /* RxCocoa */; };
		B93587DA29E7B5E1006FF502 /* RxRelay in Frameworks */ = {isa = PBXBuildFile; productRef = B93587D929E7B5E1006FF502 /* RxRelay */; };
		B93587DC29E7B5E1006FF502 /* RxSwift in Frameworks */ = {isa = PBXBuildFile; productRef = B93587DB29E7B5E1006FF502 /* RxSwift */; };
		B93587DE29E7D02D006FF502 /* AddCouponNameCell.swift in Sources */ = {isa = PBXBuildFile; fileRef = B93587DD29E7D02D006FF502 /* AddCouponNameCell.swift */; };
		B93587E129E7D8F5006FF502 /* AddCouponImageCell.swift in Sources */ = {isa = PBXBuildFile; fileRef = B93587E029E7D8F5006FF502 /* AddCouponImageCell.swift */; };
		B93587E329E7DF34006FF502 /* AddCouponDiscountCell.swift in Sources */ = {isa = PBXBuildFile; fileRef = B93587E229E7DF34006FF502 /* AddCouponDiscountCell.swift */; };
		B93587E529E7E1F5006FF502 /* CircleProgressBar.swift in Sources */ = {isa = PBXBuildFile; fileRef = B93587E429E7E1F5006FF502 /* CircleProgressBar.swift */; };
		B93587E729E7EB7A006FF502 /* AddCouponLineColorCell.swift in Sources */ = {isa = PBXBuildFile; fileRef = B93587E629E7EB7A006FF502 /* AddCouponLineColorCell.swift */; };
		B9415A4729E52B3500A062A6 /* UIColor+.swift in Sources */ = {isa = PBXBuildFile; fileRef = B9415A4629E52B3500A062A6 /* UIColor+.swift */; };
		B9415A4929E5423000A062A6 /* ProductAddView.swift in Sources */ = {isa = PBXBuildFile; fileRef = B9415A4829E5423000A062A6 /* ProductAddView.swift */; };
		B9415A4B29E543C700A062A6 /* ProductDetailView.swift in Sources */ = {isa = PBXBuildFile; fileRef = B9415A4A29E543C700A062A6 /* ProductDetailView.swift */; };
		B9415A4D29E5612200A062A6 /* CouponCell.swift in Sources */ = {isa = PBXBuildFile; fileRef = B9415A4C29E5612200A062A6 /* CouponCell.swift */; };
		B94D743B29E3CB570059FD68 /* AppDelegate.swift in Sources */ = {isa = PBXBuildFile; fileRef = B94D743A29E3CB570059FD68 /* AppDelegate.swift */; };
		B94D743D29E3CB570059FD68 /* SceneDelegate.swift in Sources */ = {isa = PBXBuildFile; fileRef = B94D743C29E3CB570059FD68 /* SceneDelegate.swift */; };
		B94D744429E3CB570059FD68 /* Assets.xcassets in Resources */ = {isa = PBXBuildFile; fileRef = B94D744329E3CB570059FD68 /* Assets.xcassets */; };
		B94D744729E3CB570059FD68 /* LaunchScreen.storyboard in Resources */ = {isa = PBXBuildFile; fileRef = B94D744529E3CB570059FD68 /* LaunchScreen.storyboard */; };
		B94D744F29E3D0E30059FD68 /* BasketView.swift in Sources */ = {isa = PBXBuildFile; fileRef = B94D744E29E3D0E30059FD68 /* BasketView.swift */; };
		B94D745329E3D4080059FD68 /* SnapKit in Frameworks */ = {isa = PBXBuildFile; productRef = B94D745229E3D4080059FD68 /* SnapKit */; };
		B94D745629E3D4110059FD68 /* Then in Frameworks */ = {isa = PBXBuildFile; productRef = B94D745529E3D4110059FD68 /* Then */; };
		B94D745829E3F5040059FD68 /* MainView.swift in Sources */ = {isa = PBXBuildFile; fileRef = B94D745729E3F5040059FD68 /* MainView.swift */; };
		B94D745A29E3F50C0059FD68 /* CouponPageView.swift in Sources */ = {isa = PBXBuildFile; fileRef = B94D745929E3F50C0059FD68 /* CouponPageView.swift */; };
		B94D745C29E3F85E0059FD68 /* MainViewModel.swift in Sources */ = {isa = PBXBuildFile; fileRef = B94D745B29E3F85E0059FD68 /* MainViewModel.swift */; };
		B94D746629E3FD6E0059FD68 /* MainListModel.swift in Sources */ = {isa = PBXBuildFile; fileRef = B94D746529E3FD6E0059FD68 /* MainListModel.swift */; };
		B94D746929E404220059FD68 /* Constants.swift in Sources */ = {isa = PBXBuildFile; fileRef = B94D746829E404220059FD68 /* Constants.swift */; };
		B94D746C29E418B80059FD68 /* MainCell.swift in Sources */ = {isa = PBXBuildFile; fileRef = B94D746B29E418B80059FD68 /* MainCell.swift */; };
		B94D746E29E424490059FD68 /* CouponPageViewModel.swift in Sources */ = {isa = PBXBuildFile; fileRef = B94D746D29E424490059FD68 /* CouponPageViewModel.swift */; };
		B94D747029E424580059FD68 /* CouponModel.swift in Sources */ = {isa = PBXBuildFile; fileRef = B94D746F29E424580059FD68 /* CouponModel.swift */; };
		B9A845C729E6962800625C30 /* RxDataSources in Frameworks */ = {isa = PBXBuildFile; productRef = B9A845C629E6962800625C30 /* RxDataSources */; };
/* End PBXBuildFile section */

/* Begin PBXFileReference section */
		733D20FEACC8859C1E8B792D /* Pods-CompensationTodo.debug.xcconfig */ = {isa = PBXFileReference; includeInIndex = 1; lastKnownFileType = text.xcconfig; name = "Pods-CompensationTodo.debug.xcconfig"; path = "Target Support Files/Pods-CompensationTodo/Pods-CompensationTodo.debug.xcconfig"; sourceTree = "<group>"; };
		8FA6D580122873657FF3531A /* Pods-CompensationTodo.release.xcconfig */ = {isa = PBXFileReference; includeInIndex = 1; lastKnownFileType = text.xcconfig; name = "Pods-CompensationTodo.release.xcconfig"; path = "Target Support Files/Pods-CompensationTodo/Pods-CompensationTodo.release.xcconfig"; sourceTree = "<group>"; };
		985C3404B978DBE70C29811F /* Pods_CompensationTodo.framework */ = {isa = PBXFileReference; explicitFileType = wrapper.framework; includeInIndex = 0; path = Pods_CompensationTodo.framework; sourceTree = BUILT_PRODUCTS_DIR; };
		B93587D029E7A4FB006FF502 /* CouponAddView.swift */ = {isa = PBXFileReference; lastKnownFileType = sourcecode.swift; path = CouponAddView.swift; sourceTree = "<group>"; };
		B93587D229E7A745006FF502 /* CouponAddViewModel.swift */ = {isa = PBXFileReference; lastKnownFileType = sourcecode.swift; path = CouponAddViewModel.swift; sourceTree = "<group>"; };
		B93587D429E7A7FF006FF502 /* CouponAddModel.swift */ = {isa = PBXFileReference; lastKnownFileType = sourcecode.swift; path = CouponAddModel.swift; sourceTree = "<group>"; };
		B93587DD29E7D02D006FF502 /* AddCouponNameCell.swift */ = {isa = PBXFileReference; lastKnownFileType = sourcecode.swift; path = AddCouponNameCell.swift; sourceTree = "<group>"; };
		B93587E029E7D8F5006FF502 /* AddCouponImageCell.swift */ = {isa = PBXFileReference; lastKnownFileType = sourcecode.swift; path = AddCouponImageCell.swift; sourceTree = "<group>"; };
		B93587E229E7DF34006FF502 /* AddCouponDiscountCell.swift */ = {isa = PBXFileReference; lastKnownFileType = sourcecode.swift; path = AddCouponDiscountCell.swift; sourceTree = "<group>"; };
		B93587E429E7E1F5006FF502 /* CircleProgressBar.swift */ = {isa = PBXFileReference; lastKnownFileType = sourcecode.swift; path = CircleProgressBar.swift; sourceTree = "<group>"; };
		B93587E629E7EB7A006FF502 /* AddCouponLineColorCell.swift */ = {isa = PBXFileReference; lastKnownFileType = sourcecode.swift; path = AddCouponLineColorCell.swift; sourceTree = "<group>"; };
		B9415A4629E52B3500A062A6 /* UIColor+.swift */ = {isa = PBXFileReference; lastKnownFileType = sourcecode.swift; path = "UIColor+.swift"; sourceTree = "<group>"; };
		B9415A4829E5423000A062A6 /* ProductAddView.swift */ = {isa = PBXFileReference; lastKnownFileType = sourcecode.swift; path = ProductAddView.swift; sourceTree = "<group>"; };
		B9415A4A29E543C700A062A6 /* ProductDetailView.swift */ = {isa = PBXFileReference; lastKnownFileType = sourcecode.swift; path = ProductDetailView.swift; sourceTree = "<group>"; };
		B9415A4C29E5612200A062A6 /* CouponCell.swift */ = {isa = PBXFileReference; lastKnownFileType = sourcecode.swift; path = CouponCell.swift; sourceTree = "<group>"; };
		B94D743729E3CB570059FD68 /* CompensationTodo.app */ = {isa = PBXFileReference; explicitFileType = wrapper.application; includeInIndex = 0; path = CompensationTodo.app; sourceTree = BUILT_PRODUCTS_DIR; };
		B94D743A29E3CB570059FD68 /* AppDelegate.swift */ = {isa = PBXFileReference; lastKnownFileType = sourcecode.swift; path = AppDelegate.swift; sourceTree = "<group>"; };
		B94D743C29E3CB570059FD68 /* SceneDelegate.swift */ = {isa = PBXFileReference; lastKnownFileType = sourcecode.swift; path = SceneDelegate.swift; sourceTree = "<group>"; };
		B94D744329E3CB570059FD68 /* Assets.xcassets */ = {isa = PBXFileReference; lastKnownFileType = folder.assetcatalog; path = Assets.xcassets; sourceTree = "<group>"; };
		B94D744629E3CB570059FD68 /* Base */ = {isa = PBXFileReference; lastKnownFileType = file.storyboard; name = Base; path = Base.lproj/LaunchScreen.storyboard; sourceTree = "<group>"; };
		B94D744829E3CB570059FD68 /* Info.plist */ = {isa = PBXFileReference; lastKnownFileType = text.plist.xml; path = Info.plist; sourceTree = "<group>"; };
		B94D744E29E3D0E30059FD68 /* BasketView.swift */ = {isa = PBXFileReference; lastKnownFileType = sourcecode.swift; path = BasketView.swift; sourceTree = "<group>"; };
		B94D745729E3F5040059FD68 /* MainView.swift */ = {isa = PBXFileReference; lastKnownFileType = sourcecode.swift; path = MainView.swift; sourceTree = "<group>"; };
		B94D745929E3F50C0059FD68 /* CouponPageView.swift */ = {isa = PBXFileReference; lastKnownFileType = sourcecode.swift; path = CouponPageView.swift; sourceTree = "<group>"; };
		B94D745B29E3F85E0059FD68 /* MainViewModel.swift */ = {isa = PBXFileReference; lastKnownFileType = sourcecode.swift; path = MainViewModel.swift; sourceTree = "<group>"; };
		B94D746529E3FD6E0059FD68 /* MainListModel.swift */ = {isa = PBXFileReference; lastKnownFileType = sourcecode.swift; path = MainListModel.swift; sourceTree = "<group>"; };
		B94D746829E404220059FD68 /* Constants.swift */ = {isa = PBXFileReference; lastKnownFileType = sourcecode.swift; path = Constants.swift; sourceTree = "<group>"; };
		B94D746B29E418B80059FD68 /* MainCell.swift */ = {isa = PBXFileReference; lastKnownFileType = sourcecode.swift; path = MainCell.swift; sourceTree = "<group>"; };
		B94D746D29E424490059FD68 /* CouponPageViewModel.swift */ = {isa = PBXFileReference; lastKnownFileType = sourcecode.swift; path = CouponPageViewModel.swift; sourceTree = "<group>"; };
		B94D746F29E424580059FD68 /* CouponModel.swift */ = {isa = PBXFileReference; lastKnownFileType = sourcecode.swift; path = CouponModel.swift; sourceTree = "<group>"; };
/* End PBXFileReference section */

/* Begin PBXFrameworksBuildPhase section */
		B94D743429E3CB570059FD68 /* Frameworks */ = {
			isa = PBXFrameworksBuildPhase;
			buildActionMask = 2147483647;
			files = (
				B93587DA29E7B5E1006FF502 /* RxRelay in Frameworks */,
				B94D745329E3D4080059FD68 /* SnapKit in Frameworks */,
				B9A845C729E6962800625C30 /* RxDataSources in Frameworks */,
				B93587D829E7B5E1006FF502 /* RxCocoa in Frameworks */,
				B94D745629E3D4110059FD68 /* Then in Frameworks */,
				B93587DC29E7B5E1006FF502 /* RxSwift in Frameworks */,
				005BA190B2B742B336E14D8C /* Pods_CompensationTodo.framework in Frameworks */,
			);
			runOnlyForDeploymentPostprocessing = 0;
		};
/* End PBXFrameworksBuildPhase section */

/* Begin PBXGroup section */
		3868FCE8897E98505CDDF56E /* Frameworks */ = {
			isa = PBXGroup;
			children = (
				985C3404B978DBE70C29811F /* Pods_CompensationTodo.framework */,
			);
			name = Frameworks;
			sourceTree = "<group>";
		};
		43F832C1476C8AC1817800A8 /* Pods */ = {
			isa = PBXGroup;
			children = (
				733D20FEACC8859C1E8B792D /* Pods-CompensationTodo.debug.xcconfig */,
				8FA6D580122873657FF3531A /* Pods-CompensationTodo.release.xcconfig */,
			);
			path = Pods;
			sourceTree = "<group>";
		};
		B93587DF29E7D256006FF502 /* Cell */ = {
			isa = PBXGroup;
			children = (
				B94D746B29E418B80059FD68 /* MainCell.swift */,
				B9415A4C29E5612200A062A6 /* CouponCell.swift */,
				B93587DD29E7D02D006FF502 /* AddCouponNameCell.swift */,
				B93587E029E7D8F5006FF502 /* AddCouponImageCell.swift */,
				B93587E229E7DF34006FF502 /* AddCouponDiscountCell.swift */,
				B93587E629E7EB7A006FF502 /* AddCouponLineColorCell.swift */,
			);
			path = Cell;
			sourceTree = "<group>";
		};
		B94D742E29E3CB570059FD68 = {
			isa = PBXGroup;
			children = (
				B94D743929E3CB570059FD68 /* CompensationTodo */,
				B94D743829E3CB570059FD68 /* Products */,
				43F832C1476C8AC1817800A8 /* Pods */,
				3868FCE8897E98505CDDF56E /* Frameworks */,
			);
			sourceTree = "<group>";
		};
		B94D743829E3CB570059FD68 /* Products */ = {
			isa = PBXGroup;
			children = (
				B94D743729E3CB570059FD68 /* CompensationTodo.app */,
			);
			name = Products;
			sourceTree = "<group>";
		};
		B94D743929E3CB570059FD68 /* CompensationTodo */ = {
			isa = PBXGroup;
			children = (
				B94D743A29E3CB570059FD68 /* AppDelegate.swift */,
				B94D743C29E3CB570059FD68 /* SceneDelegate.swift */,
				B94D746A29E405CB0059FD68 /* Utils */,
				B94D746729E3FD780059FD68 /* Model */,
				B94D745029E3D0F20059FD68 /* View */,
				B94D745D29E3F8640059FD68 /* ViewModel */,
				B94D744329E3CB570059FD68 /* Assets.xcassets */,
				B94D744529E3CB570059FD68 /* LaunchScreen.storyboard */,
				B94D744829E3CB570059FD68 /* Info.plist */,
			);
			path = CompensationTodo;
			sourceTree = "<group>";
		};
		B94D745029E3D0F20059FD68 /* View */ = {
			isa = PBXGroup;
			children = (
				B94D745729E3F5040059FD68 /* MainView.swift */,
				B94D744E29E3D0E30059FD68 /* BasketView.swift */,
				B94D745929E3F50C0059FD68 /* CouponPageView.swift */,
				B9415A4829E5423000A062A6 /* ProductAddView.swift */,
				B9415A4A29E543C700A062A6 /* ProductDetailView.swift */,
				B93587D029E7A4FB006FF502 /* CouponAddView.swift */,
			);
			path = View;
			sourceTree = "<group>";
		};
		B94D745D29E3F8640059FD68 /* ViewModel */ = {
			isa = PBXGroup;
			children = (
				B94D745B29E3F85E0059FD68 /* MainViewModel.swift */,
				B94D746D29E424490059FD68 /* CouponPageViewModel.swift */,
				B93587D229E7A745006FF502 /* CouponAddViewModel.swift */,
			);
			path = ViewModel;
			sourceTree = "<group>";
		};
		B94D746729E3FD780059FD68 /* Model */ = {
			isa = PBXGroup;
			children = (
				B94D746529E3FD6E0059FD68 /* MainListModel.swift */,
				B94D746F29E424580059FD68 /* CouponModel.swift */,
				B93587D429E7A7FF006FF502 /* CouponAddModel.swift */,
			);
			path = Model;
			sourceTree = "<group>";
		};
		B94D746A29E405CB0059FD68 /* Utils */ = {
			isa = PBXGroup;
			children = (
				B93587DF29E7D256006FF502 /* Cell */,
				B94D746829E404220059FD68 /* Constants.swift */,
				B93587E429E7E1F5006FF502 /* CircleProgressBar.swift */,
				B9415A4629E52B3500A062A6 /* UIColor+.swift */,
			);
			path = Utils;
			sourceTree = "<group>";
		};
/* End PBXGroup section */

/* Begin PBXNativeTarget section */
		B94D743629E3CB570059FD68 /* CompensationTodo */ = {
			isa = PBXNativeTarget;
			buildConfigurationList = B94D744B29E3CB570059FD68 /* Build configuration list for PBXNativeTarget "CompensationTodo" */;
			buildPhases = (
				A4FC0F1D42DEA2E83AB086DA /* [CP] Check Pods Manifest.lock */,
				B94D743329E3CB570059FD68 /* Sources */,
				B94D743429E3CB570059FD68 /* Frameworks */,
				B94D743529E3CB570059FD68 /* Resources */,
				2EC6C1F3DFA9DE1149094FB4 /* [CP] Embed Pods Frameworks */,
			);
			buildRules = (
			);
			dependencies = (
			);
			name = CompensationTodo;
			packageProductDependencies = (
				B94D745229E3D4080059FD68 /* SnapKit */,
				B94D745529E3D4110059FD68 /* Then */,
				B9A845C629E6962800625C30 /* RxDataSources */,
				B93587D729E7B5E1006FF502 /* RxCocoa */,
				B93587D929E7B5E1006FF502 /* RxRelay */,
				B93587DB29E7B5E1006FF502 /* RxSwift */,
			);
			productName = CompensationTodo;
			productReference = B94D743729E3CB570059FD68 /* CompensationTodo.app */;
			productType = "com.apple.product-type.application";
		};
/* End PBXNativeTarget section */

/* Begin PBXProject section */
		B94D742F29E3CB570059FD68 /* Project object */ = {
			isa = PBXProject;
			attributes = {
				BuildIndependentTargetsInParallel = 1;
				LastSwiftUpdateCheck = 1430;
				LastUpgradeCheck = 1430;
				TargetAttributes = {
					B94D743629E3CB570059FD68 = {
						CreatedOnToolsVersion = 14.3;
					};
				};
			};
			buildConfigurationList = B94D743229E3CB570059FD68 /* Build configuration list for PBXProject "CompensationTodo" */;
			compatibilityVersion = "Xcode 14.0";
			developmentRegion = en;
			hasScannedForEncodings = 0;
			knownRegions = (
				en,
				Base,
			);
			mainGroup = B94D742E29E3CB570059FD68;
			packageReferences = (
				B94D745129E3D4080059FD68 /* XCRemoteSwiftPackageReference "SnapKit" */,
				B94D745429E3D4110059FD68 /* XCRemoteSwiftPackageReference "Then" */,
				B9A845C529E6962800625C30 /* XCRemoteSwiftPackageReference "RxDataSources" */,
				B93587D629E7B5E1006FF502 /* XCRemoteSwiftPackageReference "RxSwift" */,
			);
			productRefGroup = B94D743829E3CB570059FD68 /* Products */;
			projectDirPath = "";
			projectRoot = "";
			targets = (
				B94D743629E3CB570059FD68 /* CompensationTodo */,
			);
		};
/* End PBXProject section */

/* Begin PBXResourcesBuildPhase section */
		B94D743529E3CB570059FD68 /* Resources */ = {
			isa = PBXResourcesBuildPhase;
			buildActionMask = 2147483647;
			files = (
				B94D744729E3CB570059FD68 /* LaunchScreen.storyboard in Resources */,
				B94D744429E3CB570059FD68 /* Assets.xcassets in Resources */,
			);
			runOnlyForDeploymentPostprocessing = 0;
		};
/* End PBXResourcesBuildPhase section */

/* Begin PBXShellScriptBuildPhase section */
		2EC6C1F3DFA9DE1149094FB4 /* [CP] Embed Pods Frameworks */ = {
			isa = PBXShellScriptBuildPhase;
			buildActionMask = 2147483647;
			files = (
			);
			inputFileListPaths = (
				"${PODS_ROOT}/Target Support Files/Pods-CompensationTodo/Pods-CompensationTodo-frameworks-${CONFIGURATION}-input-files.xcfilelist",
			);
			name = "[CP] Embed Pods Frameworks";
			outputFileListPaths = (
				"${PODS_ROOT}/Target Support Files/Pods-CompensationTodo/Pods-CompensationTodo-frameworks-${CONFIGURATION}-output-files.xcfilelist",
			);
			runOnlyForDeploymentPostprocessing = 0;
			shellPath = /bin/sh;
			shellScript = "\"${PODS_ROOT}/Target Support Files/Pods-CompensationTodo/Pods-CompensationTodo-frameworks.sh\"\n";
			showEnvVarsInLog = 0;
		};
		A4FC0F1D42DEA2E83AB086DA /* [CP] Check Pods Manifest.lock */ = {
			isa = PBXShellScriptBuildPhase;
			buildActionMask = 2147483647;
			files = (
			);
			inputFileListPaths = (
			);
			inputPaths = (
				"${PODS_PODFILE_DIR_PATH}/Podfile.lock",
				"${PODS_ROOT}/Manifest.lock",
			);
			name = "[CP] Check Pods Manifest.lock";
			outputFileListPaths = (
			);
			outputPaths = (
				"$(DERIVED_FILE_DIR)/Pods-CompensationTodo-checkManifestLockResult.txt",
			);
			runOnlyForDeploymentPostprocessing = 0;
			shellPath = /bin/sh;
			shellScript = "diff \"${PODS_PODFILE_DIR_PATH}/Podfile.lock\" \"${PODS_ROOT}/Manifest.lock\" > /dev/null\nif [ $? != 0 ] ; then\n    # print error to STDERR\n    echo \"error: The sandbox is not in sync with the Podfile.lock. Run 'pod install' or update your CocoaPods installation.\" >&2\n    exit 1\nfi\n# This output is used by Xcode 'outputs' to avoid re-running this script phase.\necho \"SUCCESS\" > \"${SCRIPT_OUTPUT_FILE_0}\"\n";
			showEnvVarsInLog = 0;
		};
/* End PBXShellScriptBuildPhase section */

/* Begin PBXSourcesBuildPhase section */
		B94D743329E3CB570059FD68 /* Sources */ = {
			isa = PBXSourcesBuildPhase;
			buildActionMask = 2147483647;
			files = (
				B94D747029E424580059FD68 /* CouponModel.swift in Sources */,
				B9415A4B29E543C700A062A6 /* ProductDetailView.swift in Sources */,
				B94D746629E3FD6E0059FD68 /* MainListModel.swift in Sources */,
				B93587E129E7D8F5006FF502 /* AddCouponImageCell.swift in Sources */,
				B93587E329E7DF34006FF502 /* AddCouponDiscountCell.swift in Sources */,
				B9415A4D29E5612200A062A6 /* CouponCell.swift in Sources */,
				B93587E729E7EB7A006FF502 /* AddCouponLineColorCell.swift in Sources */,
				B94D744F29E3D0E30059FD68 /* BasketView.swift in Sources */,
				B94D745829E3F5040059FD68 /* MainView.swift in Sources */,
				B93587D329E7A745006FF502 /* CouponAddViewModel.swift in Sources */,
				B93587D129E7A4FB006FF502 /* CouponAddView.swift in Sources */,
				B93587DE29E7D02D006FF502 /* AddCouponNameCell.swift in Sources */,
				B94D745A29E3F50C0059FD68 /* CouponPageView.swift in Sources */,
				B93587E529E7E1F5006FF502 /* CircleProgressBar.swift in Sources */,
				B9415A4729E52B3500A062A6 /* UIColor+.swift in Sources */,
				B94D743B29E3CB570059FD68 /* AppDelegate.swift in Sources */,
				B94D743D29E3CB570059FD68 /* SceneDelegate.swift in Sources */,
				B9415A4929E5423000A062A6 /* ProductAddView.swift in Sources */,
				B93587D529E7A7FF006FF502 /* CouponAddModel.swift in Sources */,
				B94D745C29E3F85E0059FD68 /* MainViewModel.swift in Sources */,
				B94D746E29E424490059FD68 /* CouponPageViewModel.swift in Sources */,
				B94D746929E404220059FD68 /* Constants.swift in Sources */,
				B94D746C29E418B80059FD68 /* MainCell.swift in Sources */,
			);
			runOnlyForDeploymentPostprocessing = 0;
		};
/* End PBXSourcesBuildPhase section */

/* Begin PBXVariantGroup section */
		B94D744529E3CB570059FD68 /* LaunchScreen.storyboard */ = {
			isa = PBXVariantGroup;
			children = (
				B94D744629E3CB570059FD68 /* Base */,
			);
			name = LaunchScreen.storyboard;
			sourceTree = "<group>";
		};
/* End PBXVariantGroup section */

/* Begin XCBuildConfiguration section */
		B94D744929E3CB570059FD68 /* Debug */ = {
			isa = XCBuildConfiguration;
			buildSettings = {
				ALWAYS_SEARCH_USER_PATHS = NO;
				CLANG_ANALYZER_NONNULL = YES;
				CLANG_ANALYZER_NUMBER_OBJECT_CONVERSION = YES_AGGRESSIVE;
				CLANG_CXX_LANGUAGE_STANDARD = "gnu++20";
				CLANG_ENABLE_MODULES = YES;
				CLANG_ENABLE_OBJC_ARC = YES;
				CLANG_ENABLE_OBJC_WEAK = YES;
				CLANG_WARN_BLOCK_CAPTURE_AUTORELEASING = YES;
				CLANG_WARN_BOOL_CONVERSION = YES;
				CLANG_WARN_COMMA = YES;
				CLANG_WARN_CONSTANT_CONVERSION = YES;
				CLANG_WARN_DEPRECATED_OBJC_IMPLEMENTATIONS = YES;
				CLANG_WARN_DIRECT_OBJC_ISA_USAGE = YES_ERROR;
				CLANG_WARN_DOCUMENTATION_COMMENTS = YES;
				CLANG_WARN_EMPTY_BODY = YES;
				CLANG_WARN_ENUM_CONVERSION = YES;
				CLANG_WARN_INFINITE_RECURSION = YES;
				CLANG_WARN_INT_CONVERSION = YES;
				CLANG_WARN_NON_LITERAL_NULL_CONVERSION = YES;
				CLANG_WARN_OBJC_IMPLICIT_RETAIN_SELF = YES;
				CLANG_WARN_OBJC_LITERAL_CONVERSION = YES;
				CLANG_WARN_OBJC_ROOT_CLASS = YES_ERROR;
				CLANG_WARN_QUOTED_INCLUDE_IN_FRAMEWORK_HEADER = YES;
				CLANG_WARN_RANGE_LOOP_ANALYSIS = YES;
				CLANG_WARN_STRICT_PROTOTYPES = YES;
				CLANG_WARN_SUSPICIOUS_MOVE = YES;
				CLANG_WARN_UNGUARDED_AVAILABILITY = YES_AGGRESSIVE;
				CLANG_WARN_UNREACHABLE_CODE = YES;
				CLANG_WARN__DUPLICATE_METHOD_MATCH = YES;
				COPY_PHASE_STRIP = NO;
				DEBUG_INFORMATION_FORMAT = dwarf;
				ENABLE_STRICT_OBJC_MSGSEND = YES;
				ENABLE_TESTABILITY = YES;
				GCC_C_LANGUAGE_STANDARD = gnu11;
				GCC_DYNAMIC_NO_PIC = NO;
				GCC_NO_COMMON_BLOCKS = YES;
				GCC_OPTIMIZATION_LEVEL = 0;
				GCC_PREPROCESSOR_DEFINITIONS = (
					"DEBUG=1",
					"$(inherited)",
				);
				GCC_WARN_64_TO_32_BIT_CONVERSION = YES;
				GCC_WARN_ABOUT_RETURN_TYPE = YES_ERROR;
				GCC_WARN_UNDECLARED_SELECTOR = YES;
				GCC_WARN_UNINITIALIZED_AUTOS = YES_AGGRESSIVE;
				GCC_WARN_UNUSED_FUNCTION = YES;
				GCC_WARN_UNUSED_VARIABLE = YES;
				IPHONEOS_DEPLOYMENT_TARGET = 16.4;
				MTL_ENABLE_DEBUG_INFO = INCLUDE_SOURCE;
				MTL_FAST_MATH = YES;
				ONLY_ACTIVE_ARCH = YES;
				SDKROOT = iphoneos;
				SWIFT_ACTIVE_COMPILATION_CONDITIONS = DEBUG;
				SWIFT_OPTIMIZATION_LEVEL = "-Onone";
			};
			name = Debug;
		};
		B94D744A29E3CB570059FD68 /* Release */ = {
			isa = XCBuildConfiguration;
			buildSettings = {
				ALWAYS_SEARCH_USER_PATHS = NO;
				CLANG_ANALYZER_NONNULL = YES;
				CLANG_ANALYZER_NUMBER_OBJECT_CONVERSION = YES_AGGRESSIVE;
				CLANG_CXX_LANGUAGE_STANDARD = "gnu++20";
				CLANG_ENABLE_MODULES = YES;
				CLANG_ENABLE_OBJC_ARC = YES;
				CLANG_ENABLE_OBJC_WEAK = YES;
				CLANG_WARN_BLOCK_CAPTURE_AUTORELEASING = YES;
				CLANG_WARN_BOOL_CONVERSION = YES;
				CLANG_WARN_COMMA = YES;
				CLANG_WARN_CONSTANT_CONVERSION = YES;
				CLANG_WARN_DEPRECATED_OBJC_IMPLEMENTATIONS = YES;
				CLANG_WARN_DIRECT_OBJC_ISA_USAGE = YES_ERROR;
				CLANG_WARN_DOCUMENTATION_COMMENTS = YES;
				CLANG_WARN_EMPTY_BODY = YES;
				CLANG_WARN_ENUM_CONVERSION = YES;
				CLANG_WARN_INFINITE_RECURSION = YES;
				CLANG_WARN_INT_CONVERSION = YES;
				CLANG_WARN_NON_LITERAL_NULL_CONVERSION = YES;
				CLANG_WARN_OBJC_IMPLICIT_RETAIN_SELF = YES;
				CLANG_WARN_OBJC_LITERAL_CONVERSION = YES;
				CLANG_WARN_OBJC_ROOT_CLASS = YES_ERROR;
				CLANG_WARN_QUOTED_INCLUDE_IN_FRAMEWORK_HEADER = YES;
				CLANG_WARN_RANGE_LOOP_ANALYSIS = YES;
				CLANG_WARN_STRICT_PROTOTYPES = YES;
				CLANG_WARN_SUSPICIOUS_MOVE = YES;
				CLANG_WARN_UNGUARDED_AVAILABILITY = YES_AGGRESSIVE;
				CLANG_WARN_UNREACHABLE_CODE = YES;
				CLANG_WARN__DUPLICATE_METHOD_MATCH = YES;
				COPY_PHASE_STRIP = NO;
				DEBUG_INFORMATION_FORMAT = "dwarf-with-dsym";
				ENABLE_NS_ASSERTIONS = NO;
				ENABLE_STRICT_OBJC_MSGSEND = YES;
				GCC_C_LANGUAGE_STANDARD = gnu11;
				GCC_NO_COMMON_BLOCKS = YES;
				GCC_WARN_64_TO_32_BIT_CONVERSION = YES;
				GCC_WARN_ABOUT_RETURN_TYPE = YES_ERROR;
				GCC_WARN_UNDECLARED_SELECTOR = YES;
				GCC_WARN_UNINITIALIZED_AUTOS = YES_AGGRESSIVE;
				GCC_WARN_UNUSED_FUNCTION = YES;
				GCC_WARN_UNUSED_VARIABLE = YES;
				IPHONEOS_DEPLOYMENT_TARGET = 16.4;
				MTL_ENABLE_DEBUG_INFO = NO;
				MTL_FAST_MATH = YES;
				SDKROOT = iphoneos;
				SWIFT_COMPILATION_MODE = wholemodule;
				SWIFT_OPTIMIZATION_LEVEL = "-O";
				VALIDATE_PRODUCT = YES;
			};
			name = Release;
		};
		B94D744C29E3CB570059FD68 /* Debug */ = {
			isa = XCBuildConfiguration;
			baseConfigurationReference = 733D20FEACC8859C1E8B792D /* Pods-CompensationTodo.debug.xcconfig */;
			buildSettings = {
				ASSETCATALOG_COMPILER_APPICON_NAME = AppIcon;
				ASSETCATALOG_COMPILER_GLOBAL_ACCENT_COLOR_NAME = AccentColor;
				CODE_SIGN_STYLE = Automatic;
				CURRENT_PROJECT_VERSION = 1;
				DEVELOPMENT_TEAM = NMLQKC3L6A;
				GENERATE_INFOPLIST_FILE = YES;
				INFOPLIST_FILE = CompensationTodo/Info.plist;
				INFOPLIST_KEY_UIApplicationSupportsIndirectInputEvents = YES;
				INFOPLIST_KEY_UILaunchStoryboardName = LaunchScreen;
				INFOPLIST_KEY_UISupportedInterfaceOrientations_iPad = "UIInterfaceOrientationPortrait UIInterfaceOrientationPortraitUpsideDown UIInterfaceOrientationLandscapeLeft UIInterfaceOrientationLandscapeRight";
				INFOPLIST_KEY_UISupportedInterfaceOrientations_iPhone = "UIInterfaceOrientationPortrait UIInterfaceOrientationLandscapeLeft UIInterfaceOrientationLandscapeRight";
				LD_RUNPATH_SEARCH_PATHS = (
					"$(inherited)",
					"@executable_path/Frameworks",
				);
				MARKETING_VERSION = 1.0;
				PRODUCT_BUNDLE_IDENTIFIER = com.hylee.CompensationTodo;
				PRODUCT_NAME = "$(TARGET_NAME)";
				SWIFT_EMIT_LOC_STRINGS = YES;
				SWIFT_VERSION = 5.0;
				TARGETED_DEVICE_FAMILY = "1,2";
			};
			name = Debug;
		};
		B94D744D29E3CB570059FD68 /* Release */ = {
			isa = XCBuildConfiguration;
			baseConfigurationReference = 8FA6D580122873657FF3531A /* Pods-CompensationTodo.release.xcconfig */;
			buildSettings = {
				ASSETCATALOG_COMPILER_APPICON_NAME = AppIcon;
				ASSETCATALOG_COMPILER_GLOBAL_ACCENT_COLOR_NAME = AccentColor;
				CODE_SIGN_STYLE = Automatic;
				CURRENT_PROJECT_VERSION = 1;
				DEVELOPMENT_TEAM = NMLQKC3L6A;
				GENERATE_INFOPLIST_FILE = YES;
				INFOPLIST_FILE = CompensationTodo/Info.plist;
				INFOPLIST_KEY_UIApplicationSupportsIndirectInputEvents = YES;
				INFOPLIST_KEY_UILaunchStoryboardName = LaunchScreen;
				INFOPLIST_KEY_UISupportedInterfaceOrientations_iPad = "UIInterfaceOrientationPortrait UIInterfaceOrientationPortraitUpsideDown UIInterfaceOrientationLandscapeLeft UIInterfaceOrientationLandscapeRight";
				INFOPLIST_KEY_UISupportedInterfaceOrientations_iPhone = "UIInterfaceOrientationPortrait UIInterfaceOrientationLandscapeLeft UIInterfaceOrientationLandscapeRight";
				LD_RUNPATH_SEARCH_PATHS = (
					"$(inherited)",
					"@executable_path/Frameworks",
				);
				MARKETING_VERSION = 1.0;
				PRODUCT_BUNDLE_IDENTIFIER = com.hylee.CompensationTodo;
				PRODUCT_NAME = "$(TARGET_NAME)";
				SWIFT_EMIT_LOC_STRINGS = YES;
				SWIFT_VERSION = 5.0;
				TARGETED_DEVICE_FAMILY = "1,2";
			};
			name = Release;
		};
/* End XCBuildConfiguration section */

/* Begin XCConfigurationList section */
		B94D743229E3CB570059FD68 /* Build configuration list for PBXProject "CompensationTodo" */ = {
			isa = XCConfigurationList;
			buildConfigurations = (
				B94D744929E3CB570059FD68 /* Debug */,
				B94D744A29E3CB570059FD68 /* Release */,
			);
			defaultConfigurationIsVisible = 0;
			defaultConfigurationName = Release;
		};
		B94D744B29E3CB570059FD68 /* Build configuration list for PBXNativeTarget "CompensationTodo" */ = {
			isa = XCConfigurationList;
			buildConfigurations = (
				B94D744C29E3CB570059FD68 /* Debug */,
				B94D744D29E3CB570059FD68 /* Release */,
			);
			defaultConfigurationIsVisible = 0;
			defaultConfigurationName = Release;
		};
/* End XCConfigurationList section */

/* Begin XCRemoteSwiftPackageReference section */
		B93587D629E7B5E1006FF502 /* XCRemoteSwiftPackageReference "RxSwift" */ = {
			isa = XCRemoteSwiftPackageReference;
			repositoryURL = "https://github.com/ReactiveX/RxSwift";
			requirement = {
				kind = upToNextMajorVersion;
				minimumVersion = 6.0.0;
			};
		};
		B94D745129E3D4080059FD68 /* XCRemoteSwiftPackageReference "SnapKit" */ = {
			isa = XCRemoteSwiftPackageReference;
			repositoryURL = "https://github.com/SnapKit/SnapKit";
			requirement = {
				kind = upToNextMajorVersion;
				minimumVersion = 5.0.0;
			};
		};
		B94D745429E3D4110059FD68 /* XCRemoteSwiftPackageReference "Then" */ = {
			isa = XCRemoteSwiftPackageReference;
			repositoryURL = "https://github.com/devxoul/Then";
			requirement = {
				kind = upToNextMajorVersion;
				minimumVersion = 3.0.0;
			};
		};
		B9A845C529E6962800625C30 /* XCRemoteSwiftPackageReference "RxDataSources" */ = {
			isa = XCRemoteSwiftPackageReference;
			repositoryURL = "https://github.com/RxSwiftCommunity/RxDataSources";
			requirement = {
				kind = upToNextMajorVersion;
				minimumVersion = 5.0.0;
			};
		};
/* End XCRemoteSwiftPackageReference section */

/* Begin XCSwiftPackageProductDependency section */
		B93587D729E7B5E1006FF502 /* RxCocoa */ = {
			isa = XCSwiftPackageProductDependency;
			package = B93587D629E7B5E1006FF502 /* XCRemoteSwiftPackageReference "RxSwift" */;
			productName = RxCocoa;
		};
		B93587D929E7B5E1006FF502 /* RxRelay */ = {
			isa = XCSwiftPackageProductDependency;
			package = B93587D629E7B5E1006FF502 /* XCRemoteSwiftPackageReference "RxSwift" */;
			productName = RxRelay;
		};
		B93587DB29E7B5E1006FF502 /* RxSwift */ = {
			isa = XCSwiftPackageProductDependency;
			package = B93587D629E7B5E1006FF502 /* XCRemoteSwiftPackageReference "RxSwift" */;
			productName = RxSwift;
		};
		B94D745229E3D4080059FD68 /* SnapKit */ = {
			isa = XCSwiftPackageProductDependency;
			package = B94D745129E3D4080059FD68 /* XCRemoteSwiftPackageReference "SnapKit" */;
			productName = SnapKit;
		};
		B94D745529E3D4110059FD68 /* Then */ = {
			isa = XCSwiftPackageProductDependency;
			package = B94D745429E3D4110059FD68 /* XCRemoteSwiftPackageReference "Then" */;
			productName = Then;
		};
		B9A845C629E6962800625C30 /* RxDataSources */ = {
			isa = XCSwiftPackageProductDependency;
			package = B9A845C529E6962800625C30 /* XCRemoteSwiftPackageReference "RxDataSources" */;
			productName = RxDataSources;
		};
/* End XCSwiftPackageProductDependency section */
	};
	rootObject = B94D742F29E3CB570059FD68 /* Project object */;
}
